<?xml version="1.0" encoding="utf-8"?>
<Project ToolsVersion="4.0" xmlns="http://schemas.microsoft.com/developer/msbuild/2003">
  <ItemGroup>
    <ClCompile Include="algorithm\mitchellNetravali.cpp">
      <Filter>algoritm</Filter>
    </ClCompile>
    <ClCompile Include="interpolate.cpp" />
    <ClCompile Include="resize.cpp" />
    <ClCompile Include="edtaa3func.cpp" />
    <ClCompile Include="distance_map.cpp" />
  </ItemGroup>
  <ItemGroup>
    <ClInclude Include="library.include.h" />
    <ClInclude Include="algorithm\mitchellNetravali.h">
      <Filter>algoritm</Filter>
    </ClInclude>
    <ClInclude Include="interpolate.h" />
    <ClInclude Include="resize.h" />
    <ClInclude Include="edtaa3func.h" />
    <ClInclude Include="distance_map.h" />
  </ItemGroup>
  <ItemGroup>
    <Filter Include="algoritm">
      <UniqueIdentifier>{f3f18f46-ad6d-4f23-9e47-6c6bdce3e3c1}</UniqueIdentifier>
    </Filter>
  </ItemGroup>
</Project>