<?xml version="1.0" encoding="utf-8"?>
<Project ToolsVersion="4.0" xmlns="http://schemas.microsoft.com/developer/msbuild/2003">
  <ItemGroup>
    <ClCompile Include="stdafx.cpp" />
    <ClCompile Include="affector.cpp" />
    <ClCompile Include="constraint.cpp" />
    <ClCompile Include="inputCollector.cpp" />
    <ClCompile Include="manager.cpp" />
    <ClCompile Include="params.cpp" />
    <ClCompile Include="target.cpp" />
    <ClCompile Include="utils.cpp" />
    <ClCompile Include="Animator.cpp" />
    <ClCompile Include="Around.cpp" />
    <ClCompile Include="BoxConstraint.cpp" />
    <ClCompile Include="DistanceConstraint.cpp" />
    <ClCompile Include="Forward.cpp" />
    <ClCompile Include="FreeRotator.cpp" />
    <ClCompile Include="heightMapConstraint.cpp" />
    <ClCompile Include="HorizVert.cpp" />
    <ClCompile Include="Null.cpp" />
    <ClCompile Include="oneAxis.cpp" />
    <ClCompile Include="plane.cpp" />
    <ClCompile Include="ThirdPerson.cpp" />
    <ClCompile Include="ToTargetConstraint.cpp" />
    <ClCompile Include="vehicleView.cpp" />
  </ItemGroup>
  <ItemGroup>
    <ClInclude Include="library.include.h" />
    <ClInclude Include="stdafx.h" />
    <ClInclude Include="affector.h" />
    <ClInclude Include="constraint.h" />
    <ClInclude Include="inputCollector.h" />
    <ClInclude Include="manager.h" />
    <ClInclude Include="params.h" />
    <ClInclude Include="target.h" />
    <ClInclude Include="utils.h" />
    <ClInclude Include="affectors\oneAxis.h" />
    <ClInclude Include="Animator.h" />
    <ClInclude Include="Around.h" />
    <ClInclude Include="BoxConstraint.h" />
    <ClInclude Include="DistanceConstraint.h" />
    <ClInclude Include="Forward.h" />
    <ClInclude Include="FreeRotator.h" />
    <ClInclude Include="heightMapConstraint.h" />
    <ClInclude Include="HorizVert.h" />
    <ClInclude Include="Null.h" />
    <ClInclude Include="oneAxis.h" />
    <ClInclude Include="plane.h" />
    <ClInclude Include="ThirdPerson.h" />
    <ClInclude Include="ToTargetConstraint.h" />
    <ClInclude Include="vehicleView.h" />
  </ItemGroup>
</Project>