<?xml version="1.0" encoding="utf-8"?>
<Project ToolsVersion="4.0" xmlns="http://schemas.microsoft.com/developer/msbuild/2003">
  <ItemGroup>
    <ClCompile Include="dependencies.cpp" />
    <ClCompile Include="resource.cpp" />
    <ClCompile Include="stdafx.cpp" />
    <ClCompile Include="store.cpp" />
    <ClCompile Include="netdriver.cpp" />
  </ItemGroup>
  <ItemGroup>
    <ClInclude Include="dependencies.h" />
    <ClInclude Include="errors.h" />
    <ClInclude Include="library.include.h" />
    <ClInclude Include="resource.h" />
    <ClInclude Include="resourceLoader.h" />
    <ClInclude Include="resourceSet.h" />
    <ClInclude Include="stdafx.h" />
    <ClInclude Include="store.h" />
    <ClInclude Include="netdriver.h" />
  </ItemGroup>
</Project>